
Microsoft Visual Studio Solution File, Format Version 12.00
# Visual Studio Version 17
VisualStudioVersion = 17.5.33414.496
MinimumVisualStudioVersion = 10.0.40219.1
Project("{FAE04EC0-301F-11D3-BF4B-00C04F79EFBC}") = "Week3IfAndSwitch", "Week3IfAndSwitch\Week3IfAndSwitch.csproj", "{986D9597-D9A7-4522-9A6A-3F45E145EF34}"
EndProject
Project("{FAE04EC0-301F-11D3-BF4B-00C04F79EFBC}") = "OddOrEven", "OddOrEven\OddOrEven.csproj", "{82925C4C-5BCA-42F1-8348-9B144BE114CC}"
EndProject
Project("{FAE04EC0-301F-11D3-BF4B-00C04F79EFBC}") = "IfDayOfTheWeek", "IfDayOfTheWeek\IfDayOfTheWeek.csproj", "{A9CA0808-15F7-4DBA-805A-53C23DBB384D}"
EndProject
Project("{FAE04EC0-301F-11D3-BF4B-00C04F79EFBC}") = "SwitchDayOfTheWeek", "SwitchDayOfTheWeek\SwitchDayOfTheWeek.csproj", "{C748DA35-2BE2-4761-BA0A-67EE59572996}"
EndProject
Global
	GlobalSection(SolutionConfigurationPlatforms) = preSolution
		Debug|Any CPU = Debug|Any CPU
		Release|Any CPU = Release|Any CPU
	EndGlobalSection
	GlobalSection(ProjectConfigurationPlatforms) = postSolution
		{986D9597-D9A7-4522-9A6A-3F45E145EF34}.Debug|Any CPU.ActiveCfg = Debug|Any CPU
		{986D9597-D9A7-4522-9A6A-3F45E145EF34}.Debug|Any CPU.Build.0 = Debug|Any CPU
		{986D9597-D9A7-4522-9A6A-3F45E145EF34}.Release|Any CPU.ActiveCfg = Release|Any CPU
		{986D9597-D9A7-4522-9A6A-3F45E145EF34}.Release|Any CPU.Build.0 = Release|Any CPU
		{82925C4C-5BCA-42F1-8348-9B144BE114CC}.Debug|Any CPU.ActiveCfg = Debug|Any CPU
		{82925C4C-5BCA-42F1-8348-9B144BE114CC}.Debug|Any CPU.Build.0 = Debug|Any CPU
		{82925C4C-5BCA-42F1-8348-9B144BE114CC}.Release|Any CPU.ActiveCfg = Release|Any CPU
		{82925C4C-5BCA-42F1-8348-9B144BE114CC}.Release|Any CPU.Build.0 = Release|Any CPU
		{A9CA0808-15F7-4DBA-805A-53C23DBB384D}.Debug|Any CPU.ActiveCfg = Debug|Any CPU
		{A9CA0808-15F7-4DBA-805A-53C23DBB384D}.Debug|Any CPU.Build.0 = Debug|Any CPU
		{A9CA0808-15F7-4DBA-805A-53C23DBB384D}.Release|Any CPU.ActiveCfg = Release|Any CPU
		{A9CA0808-15F7-4DBA-805A-53C23DBB384D}.Release|Any CPU.Build.0 = Release|Any CPU
		{C748DA35-2BE2-4761-BA0A-67EE59572996}.Debug|Any CPU.ActiveCfg = Debug|Any CPU
		{C748DA35-2BE2-4761-BA0A-67EE59572996}.Debug|Any CPU.Build.0 = Debug|Any CPU
		{C748DA35-2BE2-4761-BA0A-67EE59572996}.Release|Any CPU.ActiveCfg = Release|Any CPU
		{C748DA35-2BE2-4761-BA0A-67EE59572996}.Release|Any CPU.Build.0 = Release|Any CPU
	EndGlobalSection
	GlobalSection(SolutionProperties) = preSolution
		HideSolutionNode = FALSE
	EndGlobalSection
	GlobalSection(ExtensibilityGlobals) = postSolution
		SolutionGuid = {B239CE59-4F84-4302-879D-A50B73F7AF92}
	EndGlobalSection
EndGlobal
